
Microsoft Visual Studio Solution File, Format Version 12.00
# Visual Studio Version 17
VisualStudioVersion = 17.2.32516.85
MinimumVisualStudioVersion = 10.0.40219.1
Project("{FAE04EC0-301F-11D3-BF4B-00C04F79EFBC}") = "Hackaton2022", "Hackaton2022\Hackaton2022.csproj", "{E9406E9E-542F-407F-8B52-8FF4EE837F0C}"
EndProject
Global
	GlobalSection(SolutionConfigurationPlatforms) = preSolution
		Debug|Any CPU = Debug|Any CPU
		Release|Any CPU = Release|Any CPU
	EndGlobalSection
	GlobalSection(ProjectConfigurationPlatforms) = postSolution
		{E9406E9E-542F-407F-8B52-8FF4EE837F0C}.Debug|Any CPU.ActiveCfg = Debug|Any CPU
		{E9406E9E-542F-407F-8B52-8FF4EE837F0C}.Debug|Any CPU.Build.0 = Debug|Any CPU
		{E9406E9E-542F-407F-8B52-8FF4EE837F0C}.Release|Any CPU.ActiveCfg = Release|Any CPU
		{E9406E9E-542F-407F-8B52-8FF4EE837F0C}.Release|Any CPU.Build.0 = Release|Any CPU
	EndGlobalSection
	GlobalSection(SolutionProperties) = preSolution
		HideSolutionNode = FALSE
	EndGlobalSection
	GlobalSection(ExtensibilityGlobals) = postSolution
		SolutionGuid = {A357483C-506A-441B-AC95-BF3C446DBB32}
	EndGlobalSection
EndGlobal
